PODS:
  - Flutter (1.0.0)
  - integration_test (0.0.1):
    - Flutter
  - liquid_tabbar_minimize (0.1.0):
    - Flutter

DEPENDENCIES:
  - Flutter (from `Flutter`)
  - integration_test (from `.symlinks/plugins/integration_test/ios`)
  - liquid_tabbar_minimize (from `.symlinks/plugins/liquid_tabbar_minimize/ios`)

EXTERNAL SOURCES:
  Flutter:
    :path: Flutter
  integration_test:
    :path: ".symlinks/plugins/integration_test/ios"
  liquid_tabbar_minimize:
    :path: ".symlinks/plugins/liquid_tabbar_minimize/ios"

SPEC CHECKSUMS:
  Flutter: cabc95a1d2626b1b06e7179b784ebcf0c0cde467
  integration_test: 252f60fa39af5e17c3aa9899d35d908a0721b573
  liquid_tabbar_minimize: c8b5f275a671a06a0b14fa71e771b6fca1d734cf

PODFILE CHECKSUM: 3ba3a73b1b12adcf321a227a745625fe0888cc82

COCOAPODS: 1.16.2
